// !$*UTF8*$!
{
	archiveVersion = 1;
	classes = {
	};
	objectVersion = 46;
	objects = {

/* Begin PBXBuildFile section */
		65AC01641DE84C0700BEF553 /* main.m in Sources */ = {isa = PBXBuildFile; fileRef = 65AC01631DE84C0700BEF553 /* main.m */; };
		65AC01671DE84C0800BEF553 /* AppDelegate.m in Sources */ = {isa = PBXBuildFile; fileRef = 65AC01661DE84C0800BEF553 /* AppDelegate.m */; };
		65AC016A1DE84C0900BEF553 /* ViewController.m in Sources */ = {isa = PBXBuildFile; fileRef = 65AC01691DE84C0800BEF553 /* ViewController.m */; };
		65AC016D1DE84C0A00BEF553 /* Main.storyboard in Resources */ = {isa = PBXBuildFile; fileRef = 65AC016B1DE84C0A00BEF553 /* Main.storyboard */; };
		65AC016F1DE84C0C00BEF553 /* Assets.xcassets in Resources */ = {isa = PBXBuildFile; fileRef = 65AC016E1DE84C0C00BEF553 /* Assets.xcassets */; };
		65AC01721DE84C0C00BEF553 /* LaunchScreen.storyboard in Resources */ = {isa = PBXBuildFile; fileRef = 65AC01701DE84C0C00BEF553 /* LaunchScreen.storyboard */; };
		65AC017A1DE886B500BEF553 /* CoreLocation.framework in Frameworks */ = {isa = PBXBuildFile; fileRef = 65AC01791DE886B500BEF553 /* CoreLocation.framework */; };
		7EF22558731E17E9CCF27703 /* libPods-GMapRoute.a in Frameworks */ = {isa = PBXBuildFile; fileRef = AE30FD286F77ACC01DA4B2CC /* libPods-GMapRoute.a */; };
/* End PBXBuildFile section */

/* Begin PBXFileReference section */
		296C0B51A70CA59CDB25C50E /* Pods-GMapRoute.release.xcconfig */ = {isa = PBXFileReference; includeInIndex = 1; lastKnownFileType = text.xcconfig; name = "Pods-GMapRoute.release.xcconfig"; path = "Pods/Target Support Files/Pods-GMapRoute/Pods-GMapRoute.release.xcconfig"; sourceTree = "<group>"; };
		65AC015F1DE84C0100BEF553 /* GMapRoute.app */ = {isa = PBXFileReference; explicitFileType = wrapper.application; includeInIndex = 0; path = GMapRoute.app; sourceTree = BUILT_PRODUCTS_DIR; };
		65AC01631DE84C0700BEF553 /* main.m */ = {isa = PBXFileReference; lastKnownFileType = sourcecode.c.objc; path = main.m; sourceTree = "<group>"; };
		65AC01651DE84C0700BEF553 /* AppDelegate.h */ = {isa = PBXFileReference; lastKnownFileType = sourcecode.c.h; path = AppDelegate.h; sourceTree = "<group>"; };
		65AC01661DE84C0800BEF553 /* AppDelegate.m */ = {isa = PBXFileReference; lastKnownFileType = sourcecode.c.objc; path = AppDelegate.m; sourceTree = "<group>"; };
		65AC01681DE84C0800BEF553 /* ViewController.h */ = {isa = PBXFileReference; lastKnownFileType = sourcecode.c.h; path = ViewController.h; sourceTree = "<group>"; };
		65AC01691DE84C0800BEF553 /* ViewController.m */ = {isa = PBXFileReference; lastKnownFileType = sourcecode.c.objc; path = ViewController.m; sourceTree = "<group>"; };
		65AC016C1DE84C0A00BEF553 /* Base */ = {isa = PBXFileReference; lastKnownFileType = file.storyboard; name = Base; path = Base.lproj/Main.storyboard; sourceTree = "<group>"; };
		65AC016E1DE84C0C00BEF553 /* Assets.xcassets */ = {isa = PBXFileReference; lastKnownFileType = folder.assetcatalog; path = Assets.xcassets; sourceTree = "<group>"; };
		65AC01711DE84C0C00BEF553 /* Base */ = {isa = PBXFileReference; lastKnownFileType = file.storyboard; name = Base; path = Base.lproj/LaunchScreen.storyboard; sourceTree = "<group>"; };
		65AC01731DE84C0C00BEF553 /* Info.plist */ = {isa = PBXFileReference; lastKnownFileType = text.plist.xml; path = Info.plist; sourceTree = "<group>"; };
		65AC01791DE886B500BEF553 /* CoreLocation.framework */ = {isa = PBXFileReference; lastKnownFileType = wrapper.framework; name = CoreLocation.framework; path = System/Library/Frameworks/CoreLocation.framework; sourceTree = SDKROOT; };
		AE30FD286F77ACC01DA4B2CC /* libPods-GMapRoute.a */ = {isa = PBXFileReference; explicitFileType = archive.ar; includeInIndex = 0; path = "libPods-GMapRoute.a"; sourceTree = BUILT_PRODUCTS_DIR; };
		C53E66948D36F3680A103A10 /* Pods-GMapRoute.debug.xcconfig */ = {isa = PBXFileReference; includeInIndex = 1; lastKnownFileType = text.xcconfig; name = "Pods-GMapRoute.debug.xcconfig"; path = "Pods/Target Support Files/Pods-GMapRoute/Pods-GMapRoute.debug.xcconfig"; sourceTree = "<group>"; };
/* End PBXFileReference section */

/* Begin PBXFrameworksBuildPhase section */
		65AC015C1DE84C0000BEF553 /* Frameworks */ = {
			isa = PBXFrameworksBuildPhase;
			buildActionMask = 2147483647;
			files = (
				65AC017A1DE886B500BEF553 /* CoreLocation.framework in Frameworks */,
				7EF22558731E17E9CCF27703 /* libPods-GMapRoute.a in Frameworks */,
			);
			runOnlyForDeploymentPostprocessing = 0;
		};
/* End PBXFrameworksBuildPhase section */

/* Begin PBXGroup section */
		65AC01561DE84BFF00BEF553 = {
			isa = PBXGroup;
			children = (
				65AC01611DE84C0700BEF553 /* GMapRoute */,
				65AC01601DE84C0100BEF553 /* Products */,
				8C972B3E6AFA55D0CDCC333B /* Pods */,
				E35EB4B5A0540021789C9239 /* Frameworks */,
			);
			sourceTree = "<group>";
		};
		65AC01601DE84C0100BEF553 /* Products */ = {
			isa = PBXGroup;
			children = (
				65AC015F1DE84C0100BEF553 /* GMapRoute.app */,
			);
			name = Products;
			sourceTree = "<group>";
		};
		65AC01611DE84C0700BEF553 /* GMapRoute */ = {
			isa = PBXGroup;
			children = (
				65AC01651DE84C0700BEF553 /* AppDelegate.h */,
				65AC01661DE84C0800BEF553 /* AppDelegate.m */,
				65AC01681DE84C0800BEF553 /* ViewController.h */,
				65AC01691DE84C0800BEF553 /* ViewController.m */,
				65AC016B1DE84C0A00BEF553 /* Main.storyboard */,
				65AC016E1DE84C0C00BEF553 /* Assets.xcassets */,
				65AC01701DE84C0C00BEF553 /* LaunchScreen.storyboard */,
				65AC01731DE84C0C00BEF553 /* Info.plist */,
				65AC01621DE84C0700BEF553 /* Supporting Files */,
			);
			path = GMapRoute;
			sourceTree = "<group>";
		};
		65AC01621DE84C0700BEF553 /* Supporting Files */ = {
			isa = PBXGroup;
			children = (
				65AC01631DE84C0700BEF553 /* main.m */,
			);
			name = "Supporting Files";
			sourceTree = "<group>";
		};
		8C972B3E6AFA55D0CDCC333B /* Pods */ = {
			isa = PBXGroup;
			children = (
				C53E66948D36F3680A103A10 /* Pods-GMapRoute.debug.xcconfig */,
				296C0B51A70CA59CDB25C50E /* Pods-GMapRoute.release.xcconfig */,
			);
			name = Pods;
			sourceTree = "<group>";
		};
		E35EB4B5A0540021789C9239 /* Frameworks */ = {
			isa = PBXGroup;
			children = (
				65AC01791DE886B500BEF553 /* CoreLocation.framework */,
				AE30FD286F77ACC01DA4B2CC /* libPods-GMapRoute.a */,
			);
			name = Frameworks;
			sourceTree = "<group>";
		};
/* End PBXGroup section */

/* Begin PBXNativeTarget section */
		65AC015E1DE84C0000BEF553 /* GMapRoute */ = {
			isa = PBXNativeTarget;
			buildConfigurationList = 65AC01761DE84C0D00BEF553 /* Build configuration list for PBXNativeTarget "GMapRoute" */;
			buildPhases = (
				F35C11AEC2F68002AFBBC199 /* [CP] Check Pods Manifest.lock */,
				65AC015B1DE84C0000BEF553 /* Sources */,
				65AC015C1DE84C0000BEF553 /* Frameworks */,
				65AC015D1DE84C0000BEF553 /* Resources */,
				38E75B60E79F2CF8D75A09BF /* [CP] Embed Pods Frameworks */,
				EAD4EC77CFCFB092A857C981 /* [CP] Copy Pods Resources */,
			);
			buildRules = (
			);
			dependencies = (
			);
			name = GMapRoute;
			productName = GMapRoute;
			productReference = 65AC015F1DE84C0100BEF553 /* GMapRoute.app */;
			productType = "com.apple.product-type.application";
		};
/* End PBXNativeTarget section */

/* Begin PBXProject section */
		65AC01571DE84BFF00BEF553 /* Project object */ = {
			isa = PBXProject;
			attributes = {
				LastUpgradeCheck = 0730;
				ORGANIZATIONNAME = Shivaganesh;
				TargetAttributes = {
					65AC015E1DE84C0000BEF553 = {
						CreatedOnToolsVersion = 7.3.1;
					};
				};
			};
			buildConfigurationList = 65AC015A1DE84BFF00BEF553 /* Build configuration list for PBXProject "GMapRoute" */;
			compatibilityVersion = "Xcode 3.2";
			developmentRegion = English;
			hasScannedForEncodings = 0;
			knownRegions = (
				en,
				Base,
			);
			mainGroup = 65AC01561DE84BFF00BEF553;
			productRefGroup = 65AC01601DE84C0100BEF553 /* Products */;
			projectDirPath = "";
			projectRoot = "";
			targets = (
				65AC015E1DE84C0000BEF553 /* GMapRoute */,
			);
		};
/* End PBXProject section */

/* Begin PBXResourcesBuildPhase section */
		65AC015D1DE84C0000BEF553 /* Resources */ = {
			isa = PBXResourcesBuildPhase;
			buildActionMask = 2147483647;
			files = (
				65AC01721DE84C0C00BEF553 /* LaunchScreen.storyboard in Resources */,
				65AC016F1DE84C0C00BEF553 /* Assets.xcassets in Resources */,
				65AC016D1DE84C0A00BEF553 /* Main.storyboard in Resources */,
			);
			runOnlyForDeploymentPostprocessing = 0;
		};
/* End PBXResourcesBuildPhase section */

/* Begin PBXShellScriptBuildPhase section */
		38E75B60E79F2CF8D75A09BF /* [CP] Embed Pods Frameworks */ = {
			isa = PBXShellScriptBuildPhase;
			buildActionMask = 2147483647;
			files = (
			);
			inputPaths = (
			);
			name = "[CP] Embed Pods Frameworks";
			outputPaths = (
			);
			runOnlyForDeploymentPostprocessing = 0;
			shellPath = /bin/sh;
			shellScript = "\"${SRCROOT}/Pods/Target Support Files/Pods-GMapRoute/Pods-GMapRoute-frameworks.sh\"\n";
			showEnvVarsInLog = 0;
		};
		EAD4EC77CFCFB092A857C981 /* [CP] Copy Pods Resources */ = {
			isa = PBXShellScriptBuildPhase;
			buildActionMask = 2147483647;
			files = (
			);
			inputPaths = (
			);
			name = "[CP] Copy Pods Resources";
			outputPaths = (
			);
			runOnlyForDeploymentPostprocessing = 0;
			shellPath = /bin/sh;
			shellScript = "\"${SRCROOT}/Pods/Target Support Files/Pods-GMapRoute/Pods-GMapRoute-resources.sh\"\n";
			showEnvVarsInLog = 0;
		};
		F35C11AEC2F68002AFBBC199 /* [CP] Check Pods Manifest.lock */ = {
			isa = PBXShellScriptBuildPhase;
			buildActionMask = 2147483647;
			files = (
			);
			inputPaths = (
			);
			name = "[CP] Check Pods Manifest.lock";
			outputPaths = (
			);
			runOnlyForDeploymentPostprocessing = 0;
			shellPath = /bin/sh;
			shellScript = "diff \"${PODS_ROOT}/../Podfile.lock\" \"${PODS_ROOT}/Manifest.lock\" > /dev/null\nif [ $? != 0 ] ; then\n    # print error to STDERR\n    echo \"error: The sandbox is not in sync with the Podfile.lock. Run 'pod install' or update your CocoaPods installation.\" >&2\n    exit 1\nfi\n";
			showEnvVarsInLog = 0;
		};
/* End PBXShellScriptBuildPhase section */

/* Begin PBXSourcesBuildPhase section */
		65AC015B1DE84C0000BEF553 /* Sources */ = {
			isa = PBXSourcesBuildPhase;
			buildActionMask = 2147483647;
			files = (
				65AC016A1DE84C0900BEF553 /* ViewController.m in Sources */,
				65AC01671DE84C0800BEF553 /* AppDelegate.m in Sources */,
				65AC01641DE84C0700BEF553 /* main.m in Sources */,
			);
			runOnlyForDeploymentPostprocessing = 0;
		};
/* End PBXSourcesBuildPhase section */

/* Begin PBXVariantGroup section */
		65AC016B1DE84C0A00BEF553 /* Main.storyboard */ = {
			isa = PBXVariantGroup;
			children = (
				65AC016C1DE84C0A00BEF553 /* Base */,
			);
			name = Main.storyboard;
			sourceTree = "<group>";
		};
		65AC01701DE84C0C00BEF553 /* LaunchScreen.storyboard */ = {
			isa = PBXVariantGroup;
			children = (
				65AC01711DE84C0C00BEF553 /* Base */,
			);
			name = LaunchScreen.storyboard;
			sourceTree = "<group>";
		};
/* End PBXVariantGroup section */

/* Begin XCBuildConfiguration section */
		65AC01741DE84C0C00BEF553 /* Debug */ = {
			isa = XCBuildConfiguration;
			buildSettings = {
				ALWAYS_SEARCH_USER_PATHS = NO;
				CLANG_ANALYZER_NONNULL = YES;
				CLANG_CXX_LANGUAGE_STANDARD = "gnu++0x";
				CLANG_CXX_LIBRARY = "libc++";
				CLANG_ENABLE_MODULES = YES;
				CLANG_ENABLE_OBJC_ARC = YES;
				CLANG_WARN_BOOL_CONVERSION = YES;
				CLANG_WARN_CONSTANT_CONVERSION = YES;
				CLANG_WARN_DIRECT_OBJC_ISA_USAGE = YES_ERROR;
				CLANG_WARN_EMPTY_BODY = YES;
				CLANG_WARN_ENUM_CONVERSION = YES;
				CLANG_WARN_INT_CONVERSION = YES;
				CLANG_WARN_OBJC_ROOT_CLASS = YES_ERROR;
				CLANG_WARN_UNREACHABLE_CODE = YES;
				CLANG_WARN__DUPLICATE_METHOD_MATCH = YES;
				"CODE_SIGN_IDENTITY[sdk=iphoneos*]" = "iPhone Developer";
				COPY_PHASE_STRIP = NO;
				DEBUG_INFORMATION_FORMAT = dwarf;
				ENABLE_STRICT_OBJC_MSGSEND = YES;
				ENABLE_TESTABILITY = YES;
				GCC_C_LANGUAGE_STANDARD = gnu99;
				GCC_DYNAMIC_NO_PIC = NO;
				GCC_NO_COMMON_BLOCKS = YES;
				GCC_OPTIMIZATION_LEVEL = 0;
				GCC_PREPROCESSOR_DEFINITIONS = (
					"DEBUG=1",
					"$(inherited)",
				);
				GCC_WARN_64_TO_32_BIT_CONVERSION = YES;
				GCC_WARN_ABOUT_RETURN_TYPE = YES_ERROR;
				GCC_WARN_UNDECLARED_SELECTOR = YES;
				GCC_WARN_UNINITIALIZED_AUTOS = YES_AGGRESSIVE;
				GCC_WARN_UNUSED_FUNCTION = YES;
				GCC_WARN_UNUSED_VARIABLE = YES;
				IPHONEOS_DEPLOYMENT_TARGET = 9.3;
				MTL_ENABLE_DEBUG_INFO = YES;
				ONLY_ACTIVE_ARCH = YES;
				SDKROOT = iphoneos;
			};
			name = Debug;
		};
		65AC01751DE84C0C00BEF553 /* Release */ = {
			isa = XCBuildConfiguration;
			buildSettings = {
				ALWAYS_SEARCH_USER_PATHS = NO;
				CLANG_ANALYZER_NONNULL = YES;
				CLANG_CXX_LANGUAGE_STANDARD = "gnu++0x";
				CLANG_CXX_LIBRARY = "libc++";
				CLANG_ENABLE_MODULES = YES;
				CLANG_ENABLE_OBJC_ARC = YES;
				CLANG_WARN_BOOL_CONVERSION = YES;
				CLANG_WARN_CONSTANT_CONVERSION = YES;
				CLANG_WARN_DIRECT_OBJC_ISA_USAGE = YES_ERROR;
				CLANG_WARN_EMPTY_BODY = YES;
				CLANG_WARN_ENUM_CONVERSION = YES;
				CLANG_WARN_INT_CONVERSION = YES;
				CLANG_WARN_OBJC_ROOT_CLASS = YES_ERROR;
				CLANG_WARN_UNREACHABLE_CODE = YES;
				CLANG_WARN__DUPLICATE_METHOD_MATCH = YES;
				"CODE_SIGN_IDENTITY[sdk=iphoneos*]" = "iPhone Developer";
				COPY_PHASE_STRIP = NO;
				DEBUG_INFORMATION_FORMAT = "dwarf-with-dsym";
				ENABLE_NS_ASSERTIONS = NO;
				ENABLE_STRICT_OBJC_MSGSEND = YES;
				GCC_C_LANGUAGE_STANDARD = gnu99;
				GCC_NO_COMMON_BLOCKS = YES;
				GCC_WARN_64_TO_32_BIT_CONVERSION = YES;
				GCC_WARN_ABOUT_RETURN_TYPE = YES_ERROR;
				GCC_WARN_UNDECLARED_SELECTOR = YES;
				GCC_WARN_UNINITIALIZED_AUTOS = YES_AGGRESSIVE;
				GCC_WARN_UNUSED_FUNCTION = YES;
				GCC_WARN_UNUSED_VARIABLE = YES;
				IPHONEOS_DEPLOYMENT_TARGET = 9.3;
				MTL_ENABLE_DEBUG_INFO = NO;
				SDKROOT = iphoneos;
				VALIDATE_PRODUCT = YES;
			};
			name = Release;
		};
		65AC01771DE84C0D00BEF553 /* Debug */ = {
			isa = XCBuildConfiguration;
			baseConfigurationReference = C53E66948D36F3680A103A10 /* Pods-GMapRoute.debug.xcconfig */;
			buildSettings = {
				ASSETCATALOG_COMPILER_APPICON_NAME = AppIcon;
				INFOPLIST_FILE = GMapRoute/Info.plist;
				LD_RUNPATH_SEARCH_PATHS = "$(inherited) @executable_path/Frameworks";
				PRODUCT_BUNDLE_IDENTIFIER = com.test.GMapRoute;
				PRODUCT_NAME = "$(TARGET_NAME)";
			};
			name = Debug;
		};
		65AC01781DE84C0D00BEF553 /* Release */ = {
			isa = XCBuildConfiguration;
			baseConfigurationReference = 296C0B51A70CA59CDB25C50E /* Pods-GMapRoute.release.xcconfig */;
			buildSettings = {
				ASSETCATALOG_COMPILER_APPICON_NAME = AppIcon;
				INFOPLIST_FILE = GMapRoute/Info.plist;
				LD_RUNPATH_SEARCH_PATHS = "$(inherited) @executable_path/Frameworks";
				PRODUCT_BUNDLE_IDENTIFIER = com.test.GMapRoute;
				PRODUCT_NAME = "$(TARGET_NAME)";
			};
			name = Release;
		};
/* End XCBuildConfiguration section */

/* Begin XCConfigurationList section */
		65AC015A1DE84BFF00BEF553 /* Build configuration list for PBXProject "GMapRoute" */ = {
			isa = XCConfigurationList;
			buildConfigurations = (
				65AC01741DE84C0C00BEF553 /* Debug */,
				65AC01751DE84C0C00BEF553 /* Release */,
			);
			defaultConfigurationIsVisible = 0;
			defaultConfigurationName = Release;
		};
		65AC01761DE84C0D00BEF553 /* Build configuration list for PBXNativeTarget "GMapRoute" */ = {
			isa = XCConfigurationList;
			buildConfigurations = (
				65AC01771DE84C0D00BEF553 /* Debug */,
				65AC01781DE84C0D00BEF553 /* Release */,
			);
			defaultConfigurationIsVisible = 0;
			defaultConfigurationName = Release;
		};
/* End XCConfigurationList section */
	};
	rootObject = 65AC01571DE84BFF00BEF553 /* Project object */;
}
